// !$*UTF8*$!
{
	archiveVersion = 1;
	classes = {
	};
	objectVersion = 46;
	objects = {

/* Begin PBXBuildFile section */
		1648B65C19E8C7E6003EA2F9 /* user.png in Resources */ = {isa = PBXBuildFile; fileRef = 1648B65B19E8C7E6003EA2F9 /* user.png */; };
		1648B65E19E8C95F003EA2F9 /* tickets.png in Resources */ = {isa = PBXBuildFile; fileRef = 1648B65D19E8C95F003EA2F9 /* tickets.png */; };
		1648B66019E8CA14003EA2F9 /* Cart-Icon-sm.png in Resources */ = {isa = PBXBuildFile; fileRef = 1648B65F19E8CA14003EA2F9 /* Cart-Icon-sm.png */; };
		1648B66319E8D270003EA2F9 /* ServiceTicketsTableViewController.m in Sources */ = {isa = PBXBuildFile; fileRef = 1648B66219E8D270003EA2F9 /* ServiceTicketsTableViewController.m */; };
		1648B66619E9598E003EA2F9 /* TicketDetailViewController.m in Sources */ = {isa = PBXBuildFile; fileRef = 1648B66519E9598E003EA2F9 /* TicketDetailViewController.m */; };
		1648B66819E968AE003EA2F9 /* CartLogic-logo_FINAL.png in Resources */ = {isa = PBXBuildFile; fileRef = 1648B66719E968AE003EA2F9 /* CartLogic-logo_FINAL.png */; };
		169D942C19E8C51400783651 /* main.m in Sources */ = {isa = PBXBuildFile; fileRef = 169D942B19E8C51400783651 /* main.m */; };
		169D942F19E8C51400783651 /* AppDelegate.m in Sources */ = {isa = PBXBuildFile; fileRef = 169D942E19E8C51400783651 /* AppDelegate.m */; };
		169D943819E8C51400783651 /* Main.storyboard in Resources */ = {isa = PBXBuildFile; fileRef = 169D943619E8C51400783651 /* Main.storyboard */; };
		169D943A19E8C51400783651 /* Images.xcassets in Resources */ = {isa = PBXBuildFile; fileRef = 169D943919E8C51400783651 /* Images.xcassets */; };
		169D943D19E8C51400783651 /* LaunchScreen.xib in Resources */ = {isa = PBXBuildFile; fileRef = 169D943B19E8C51400783651 /* LaunchScreen.xib */; };
		169D944919E8C51400783651 /* CartLogicTests.m in Sources */ = {isa = PBXBuildFile; fileRef = 169D944819E8C51400783651 /* CartLogicTests.m */; };
		16F6E79119E971EE00889B37 /* NewTicketViewController.m in Sources */ = {isa = PBXBuildFile; fileRef = 16F6E79019E971EE00889B37 /* NewTicketViewController.m */; };
/* End PBXBuildFile section */

/* Begin PBXContainerItemProxy section */
		169D944319E8C51400783651 /* PBXContainerItemProxy */ = {
			isa = PBXContainerItemProxy;
			containerPortal = 169D941E19E8C51400783651 /* Project object */;
			proxyType = 1;
			remoteGlobalIDString = 169D942519E8C51400783651;
			remoteInfo = CartLogic;
		};
/* End PBXContainerItemProxy section */

/* Begin PBXFileReference section */
		1648B65B19E8C7E6003EA2F9 /* user.png */ = {isa = PBXFileReference; lastKnownFileType = image.png; path = user.png; sourceTree = "<group>"; };
		1648B65D19E8C95F003EA2F9 /* tickets.png */ = {isa = PBXFileReference; lastKnownFileType = image.png; path = tickets.png; sourceTree = "<group>"; };
		1648B65F19E8CA14003EA2F9 /* Cart-Icon-sm.png */ = {isa = PBXFileReference; lastKnownFileType = image.png; path = "Cart-Icon-sm.png"; sourceTree = "<group>"; };
		1648B66119E8D270003EA2F9 /* ServiceTicketsTableViewController.h */ = {isa = PBXFileReference; fileEncoding = 4; lastKnownFileType = sourcecode.c.h; path = ServiceTicketsTableViewController.h; sourceTree = "<group>"; };
		1648B66219E8D270003EA2F9 /* ServiceTicketsTableViewController.m */ = {isa = PBXFileReference; fileEncoding = 4; lastKnownFileType = sourcecode.c.objc; path = ServiceTicketsTableViewController.m; sourceTree = "<group>"; };
		1648B66419E9598E003EA2F9 /* TicketDetailViewController.h */ = {isa = PBXFileReference; fileEncoding = 4; lastKnownFileType = sourcecode.c.h; path = TicketDetailViewController.h; sourceTree = "<group>"; };
		1648B66519E9598E003EA2F9 /* TicketDetailViewController.m */ = {isa = PBXFileReference; fileEncoding = 4; lastKnownFileType = sourcecode.c.objc; path = TicketDetailViewController.m; sourceTree = "<group>"; };
		1648B66719E968AE003EA2F9 /* CartLogic-logo_FINAL.png */ = {isa = PBXFileReference; lastKnownFileType = image.png; path = "CartLogic-logo_FINAL.png"; sourceTree = "<group>"; };
		169D942619E8C51400783651 /* CartLogic.app */ = {isa = PBXFileReference; explicitFileType = wrapper.application; includeInIndex = 0; path = CartLogic.app; sourceTree = BUILT_PRODUCTS_DIR; };
		169D942A19E8C51400783651 /* Info.plist */ = {isa = PBXFileReference; lastKnownFileType = text.plist.xml; path = Info.plist; sourceTree = "<group>"; };
		169D942B19E8C51400783651 /* main.m */ = {isa = PBXFileReference; lastKnownFileType = sourcecode.c.objc; path = main.m; sourceTree = "<group>"; };
		169D942D19E8C51400783651 /* AppDelegate.h */ = {isa = PBXFileReference; lastKnownFileType = sourcecode.c.h; path = AppDelegate.h; sourceTree = "<group>"; };
		169D942E19E8C51400783651 /* AppDelegate.m */ = {isa = PBXFileReference; lastKnownFileType = sourcecode.c.objc; path = AppDelegate.m; sourceTree = "<group>"; };
		169D943719E8C51400783651 /* Base */ = {isa = PBXFileReference; lastKnownFileType = file.storyboard; name = Base; path = Base.lproj/Main.storyboard; sourceTree = "<group>"; };
		169D943919E8C51400783651 /* Images.xcassets */ = {isa = PBXFileReference; lastKnownFileType = folder.assetcatalog; path = Images.xcassets; sourceTree = "<group>"; };
		169D943C19E8C51400783651 /* Base */ = {isa = PBXFileReference; lastKnownFileType = file.xib; name = Base; path = Base.lproj/LaunchScreen.xib; sourceTree = "<group>"; };
		169D944219E8C51400783651 /* CartLogicTests.xctest */ = {isa = PBXFileReference; explicitFileType = wrapper.cfbundle; includeInIndex = 0; path = CartLogicTests.xctest; sourceTree = BUILT_PRODUCTS_DIR; };
		169D944719E8C51400783651 /* Info.plist */ = {isa = PBXFileReference; lastKnownFileType = text.plist.xml; path = Info.plist; sourceTree = "<group>"; };
		169D944819E8C51400783651 /* CartLogicTests.m */ = {isa = PBXFileReference; lastKnownFileType = sourcecode.c.objc; path = CartLogicTests.m; sourceTree = "<group>"; };
		16F6E78F19E971EE00889B37 /* NewTicketViewController.h */ = {isa = PBXFileReference; fileEncoding = 4; lastKnownFileType = sourcecode.c.h; path = NewTicketViewController.h; sourceTree = "<group>"; };
		16F6E79019E971EE00889B37 /* NewTicketViewController.m */ = {isa = PBXFileReference; fileEncoding = 4; lastKnownFileType = sourcecode.c.objc; path = NewTicketViewController.m; sourceTree = "<group>"; };
/* End PBXFileReference section */

/* Begin PBXFrameworksBuildPhase section */
		169D942319E8C51400783651 /* Frameworks */ = {
			isa = PBXFrameworksBuildPhase;
			buildActionMask = 2147483647;
			files = (
			);
			runOnlyForDeploymentPostprocessing = 0;
		};
		169D943F19E8C51400783651 /* Frameworks */ = {
			isa = PBXFrameworksBuildPhase;
			buildActionMask = 2147483647;
			files = (
			);
			runOnlyForDeploymentPostprocessing = 0;
		};
/* End PBXFrameworksBuildPhase section */

/* Begin PBXGroup section */
		169D941D19E8C51400783651 = {
			isa = PBXGroup;
			children = (
				169D942819E8C51400783651 /* CartLogic */,
				169D944519E8C51400783651 /* CartLogicTests */,
				169D942719E8C51400783651 /* Products */,
			);
			sourceTree = "<group>";
		};
		169D942719E8C51400783651 /* Products */ = {
			isa = PBXGroup;
			children = (
				169D942619E8C51400783651 /* CartLogic.app */,
				169D944219E8C51400783651 /* CartLogicTests.xctest */,
			);
			name = Products;
			sourceTree = "<group>";
		};
		169D942819E8C51400783651 /* CartLogic */ = {
			isa = PBXGroup;
			children = (
				169D942D19E8C51400783651 /* AppDelegate.h */,
				169D942E19E8C51400783651 /* AppDelegate.m */,
				1648B66119E8D270003EA2F9 /* ServiceTicketsTableViewController.h */,
				1648B66219E8D270003EA2F9 /* ServiceTicketsTableViewController.m */,
				169D943619E8C51400783651 /* Main.storyboard */,
				16F6E78F19E971EE00889B37 /* NewTicketViewController.h */,
				16F6E79019E971EE00889B37 /* NewTicketViewController.m */,
				1648B66419E9598E003EA2F9 /* TicketDetailViewController.h */,
				1648B66519E9598E003EA2F9 /* TicketDetailViewController.m */,
				169D943919E8C51400783651 /* Images.xcassets */,
				169D943B19E8C51400783651 /* LaunchScreen.xib */,
				169D942919E8C51400783651 /* Supporting Files */,
			);
			path = CartLogic;
			sourceTree = "<group>";
		};
		169D942919E8C51400783651 /* Supporting Files */ = {
			isa = PBXGroup;
			children = (
				169D942A19E8C51400783651 /* Info.plist */,
				1648B66719E968AE003EA2F9 /* CartLogic-logo_FINAL.png */,
				1648B65B19E8C7E6003EA2F9 /* user.png */,
				1648B65F19E8CA14003EA2F9 /* Cart-Icon-sm.png */,
				1648B65D19E8C95F003EA2F9 /* tickets.png */,
				169D942B19E8C51400783651 /* main.m */,
			);
			name = "Supporting Files";
			sourceTree = "<group>";
		};
		169D944519E8C51400783651 /* CartLogicTests */ = {
			isa = PBXGroup;
			children = (
				169D944819E8C51400783651 /* CartLogicTests.m */,
				169D944619E8C51400783651 /* Supporting Files */,
			);
			path = CartLogicTests;
			sourceTree = "<group>";
		};
		169D944619E8C51400783651 /* Supporting Files */ = {
			isa = PBXGroup;
			children = (
				169D944719E8C51400783651 /* Info.plist */,
			);
			name = "Supporting Files";
			sourceTree = "<group>";
		};
/* End PBXGroup section */

/* Begin PBXNativeTarget section */
		169D942519E8C51400783651 /* CartLogic */ = {
			isa = PBXNativeTarget;
			buildConfigurationList = 169D944C19E8C51400783651 /* Build configuration list for PBXNativeTarget "CartLogic" */;
			buildPhases = (
				169D942219E8C51400783651 /* Sources */,
				169D942319E8C51400783651 /* Frameworks */,
				169D942419E8C51400783651 /* Resources */,
			);
			buildRules = (
			);
			dependencies = (
			);
			name = CartLogic;
			productName = CartLogic;
			productReference = 169D942619E8C51400783651 /* CartLogic.app */;
			productType = "com.apple.product-type.application";
		};
		169D944119E8C51400783651 /* CartLogicTests */ = {
			isa = PBXNativeTarget;
			buildConfigurationList = 169D944F19E8C51400783651 /* Build configuration list for PBXNativeTarget "CartLogicTests" */;
			buildPhases = (
				169D943E19E8C51400783651 /* Sources */,
				169D943F19E8C51400783651 /* Frameworks */,
				169D944019E8C51400783651 /* Resources */,
			);
			buildRules = (
			);
			dependencies = (
				169D944419E8C51400783651 /* PBXTargetDependency */,
			);
			name = CartLogicTests;
			productName = CartLogicTests;
			productReference = 169D944219E8C51400783651 /* CartLogicTests.xctest */;
			productType = "com.apple.product-type.bundle.unit-test";
		};
/* End PBXNativeTarget section */

/* Begin PBXProject section */
		169D941E19E8C51400783651 /* Project object */ = {
			isa = PBXProject;
			attributes = {
				LastUpgradeCheck = 0600;
				ORGANIZATIONNAME = "Mitch Herrema";
				TargetAttributes = {
					169D942519E8C51400783651 = {
						CreatedOnToolsVersion = 6.0.1;
					};
					169D944119E8C51400783651 = {
						CreatedOnToolsVersion = 6.0.1;
						TestTargetID = 169D942519E8C51400783651;
					};
				};
			};
			buildConfigurationList = 169D942119E8C51400783651 /* Build configuration list for PBXProject "CartLogic" */;
			compatibilityVersion = "Xcode 3.2";
			developmentRegion = English;
			hasScannedForEncodings = 0;
			knownRegions = (
				en,
				Base,
			);
			mainGroup = 169D941D19E8C51400783651;
			productRefGroup = 169D942719E8C51400783651 /* Products */;
			projectDirPath = "";
			projectRoot = "";
			targets = (
				169D942519E8C51400783651 /* CartLogic */,
				169D944119E8C51400783651 /* CartLogicTests */,
			);
		};
/* End PBXProject section */

/* Begin PBXResourcesBuildPhase section */
		169D942419E8C51400783651 /* Resources */ = {
			isa = PBXResourcesBuildPhase;
			buildActionMask = 2147483647;
			files = (
				169D943819E8C51400783651 /* Main.storyboard in Resources */,
				169D943D19E8C51400783651 /* LaunchScreen.xib in Resources */,
				1648B66819E968AE003EA2F9 /* CartLogic-logo_FINAL.png in Resources */,
				1648B65C19E8C7E6003EA2F9 /* user.png in Resources */,
				169D943A19E8C51400783651 /* Images.xcassets in Resources */,
				1648B66019E8CA14003EA2F9 /* Cart-Icon-sm.png in Resources */,
				1648B65E19E8C95F003EA2F9 /* tickets.png in Resources */,
			);
			runOnlyForDeploymentPostprocessing = 0;
		};
		169D944019E8C51400783651 /* Resources */ = {
			isa = PBXResourcesBuildPhase;
			buildActionMask = 2147483647;
			files = (
			);
			runOnlyForDeploymentPostprocessing = 0;
		};
/* End PBXResourcesBuildPhase section */

/* Begin PBXSourcesBuildPhase section */
		169D942219E8C51400783651 /* Sources */ = {
			isa = PBXSourcesBuildPhase;
			buildActionMask = 2147483647;
			files = (
				169D942F19E8C51400783651 /* AppDelegate.m in Sources */,
				16F6E79119E971EE00889B37 /* NewTicketViewController.m in Sources */,
				1648B66619E9598E003EA2F9 /* TicketDetailViewController.m in Sources */,
				169D942C19E8C51400783651 /* main.m in Sources */,
				1648B66319E8D270003EA2F9 /* ServiceTicketsTableViewController.m in Sources */,
			);
			runOnlyForDeploymentPostprocessing = 0;
		};
		169D943E19E8C51400783651 /* Sources */ = {
			isa = PBXSourcesBuildPhase;
			buildActionMask = 2147483647;
			files = (
				169D944919E8C51400783651 /* CartLogicTests.m in Sources */,
			);
			runOnlyForDeploymentPostprocessing = 0;
		};
/* End PBXSourcesBuildPhase section */

/* Begin PBXTargetDependency section */
		169D944419E8C51400783651 /* PBXTargetDependency */ = {
			isa = PBXTargetDependency;
			target = 169D942519E8C51400783651 /* CartLogic */;
			targetProxy = 169D944319E8C51400783651 /* PBXContainerItemProxy */;
		};
/* End PBXTargetDependency section */

/* Begin PBXVariantGroup section */
		169D943619E8C51400783651 /* Main.storyboard */ = {
			isa = PBXVariantGroup;
			children = (
				169D943719E8C51400783651 /* Base */,
			);
			name = Main.storyboard;
			sourceTree = "<group>";
		};
		169D943B19E8C51400783651 /* LaunchScreen.xib */ = {
			isa = PBXVariantGroup;
			children = (
				169D943C19E8C51400783651 /* Base */,
			);
			name = LaunchScreen.xib;
			sourceTree = "<group>";
		};
/* End PBXVariantGroup section */

/* Begin XCBuildConfiguration section */
		169D944A19E8C51400783651 /* Debug */ = {
			isa = XCBuildConfiguration;
			buildSettings = {
				ALWAYS_SEARCH_USER_PATHS = NO;
				CLANG_CXX_LANGUAGE_STANDARD = "gnu++0x";
				CLANG_CXX_LIBRARY = "libc++";
				CLANG_ENABLE_MODULES = YES;
				CLANG_ENABLE_OBJC_ARC = YES;
				CLANG_WARN_BOOL_CONVERSION = YES;
				CLANG_WARN_CONSTANT_CONVERSION = YES;
				CLANG_WARN_DIRECT_OBJC_ISA_USAGE = YES_ERROR;
				CLANG_WARN_EMPTY_BODY = YES;
				CLANG_WARN_ENUM_CONVERSION = YES;
				CLANG_WARN_INT_CONVERSION = YES;
				CLANG_WARN_OBJC_ROOT_CLASS = YES_ERROR;
				CLANG_WARN_UNREACHABLE_CODE = YES;
				CLANG_WARN__DUPLICATE_METHOD_MATCH = YES;
				"CODE_SIGN_IDENTITY[sdk=iphoneos*]" = "iPhone Developer";
				COPY_PHASE_STRIP = NO;
				ENABLE_STRICT_OBJC_MSGSEND = YES;
				GCC_C_LANGUAGE_STANDARD = gnu99;
				GCC_DYNAMIC_NO_PIC = NO;
				GCC_OPTIMIZATION_LEVEL = 0;
				GCC_PREPROCESSOR_DEFINITIONS = (
					"DEBUG=1",
					"$(inherited)",
				);
				GCC_SYMBOLS_PRIVATE_EXTERN = NO;
				GCC_WARN_64_TO_32_BIT_CONVERSION = YES;
				GCC_WARN_ABOUT_RETURN_TYPE = YES_ERROR;
				GCC_WARN_UNDECLARED_SELECTOR = YES;
				GCC_WARN_UNINITIALIZED_AUTOS = YES_AGGRESSIVE;
				GCC_WARN_UNUSED_FUNCTION = YES;
				GCC_WARN_UNUSED_VARIABLE = YES;
				IPHONEOS_DEPLOYMENT_TARGET = 8.0;
				MTL_ENABLE_DEBUG_INFO = YES;
				ONLY_ACTIVE_ARCH = YES;
				SDKROOT = iphoneos;
			};
			name = Debug;
		};
		169D944B19E8C51400783651 /* Release */ = {
			isa = XCBuildConfiguration;
			buildSettings = {
				ALWAYS_SEARCH_USER_PATHS = NO;
				CLANG_CXX_LANGUAGE_STANDARD = "gnu++0x";
				CLANG_CXX_LIBRARY = "libc++";
				CLANG_ENABLE_MODULES = YES;
				CLANG_ENABLE_OBJC_ARC = YES;
				CLANG_WARN_BOOL_CONVERSION = YES;
				CLANG_WARN_CONSTANT_CONVERSION = YES;
				CLANG_WARN_DIRECT_OBJC_ISA_USAGE = YES_ERROR;
				CLANG_WARN_EMPTY_BODY = YES;
				CLANG_WARN_ENUM_CONVERSION = YES;
				CLANG_WARN_INT_CONVERSION = YES;
				CLANG_WARN_OBJC_ROOT_CLASS = YES_ERROR;
				CLANG_WARN_UNREACHABLE_CODE = YES;
				CLANG_WARN__DUPLICATE_METHOD_MATCH = YES;
				"CODE_SIGN_IDENTITY[sdk=iphoneos*]" = "iPhone Developer";
				COPY_PHASE_STRIP = YES;
				ENABLE_NS_ASSERTIONS = NO;
				ENABLE_STRICT_OBJC_MSGSEND = YES;
				GCC_C_LANGUAGE_STANDARD = gnu99;
				GCC_WARN_64_TO_32_BIT_CONVERSION = YES;
				GCC_WARN_ABOUT_RETURN_TYPE = YES_ERROR;
				GCC_WARN_UNDECLARED_SELECTOR = YES;
				GCC_WARN_UNINITIALIZED_AUTOS = YES_AGGRESSIVE;
				GCC_WARN_UNUSED_FUNCTION = YES;
				GCC_WARN_UNUSED_VARIABLE = YES;
				IPHONEOS_DEPLOYMENT_TARGET = 8.0;
				MTL_ENABLE_DEBUG_INFO = NO;
				SDKROOT = iphoneos;
				VALIDATE_PRODUCT = YES;
			};
			name = Release;
		};
		169D944D19E8C51400783651 /* Debug */ = {
			isa = XCBuildConfiguration;
			buildSettings = {
				ASSETCATALOG_COMPILER_APPICON_NAME = AppIcon;
				INFOPLIST_FILE = CartLogic/Info.plist;
				IPHONEOS_DEPLOYMENT_TARGET = 8.0;
				LD_RUNPATH_SEARCH_PATHS = "$(inherited) @executable_path/Frameworks";
				PRODUCT_NAME = "$(TARGET_NAME)";
			};
			name = Debug;
		};
		169D944E19E8C51400783651 /* Release */ = {
			isa = XCBuildConfiguration;
			buildSettings = {
				ASSETCATALOG_COMPILER_APPICON_NAME = AppIcon;
				INFOPLIST_FILE = CartLogic/Info.plist;
				IPHONEOS_DEPLOYMENT_TARGET = 8.0;
				LD_RUNPATH_SEARCH_PATHS = "$(inherited) @executable_path/Frameworks";
				PRODUCT_NAME = "$(TARGET_NAME)";
			};
			name = Release;
		};
		169D945019E8C51400783651 /* Debug */ = {
			isa = XCBuildConfiguration;
			buildSettings = {
				BUNDLE_LOADER = "$(TEST_HOST)";
				FRAMEWORK_SEARCH_PATHS = (
					"$(SDKROOT)/Developer/Library/Frameworks",
					"$(inherited)",
				);
				GCC_PREPROCESSOR_DEFINITIONS = (
					"DEBUG=1",
					"$(inherited)",
				);
				INFOPLIST_FILE = CartLogicTests/Info.plist;
				LD_RUNPATH_SEARCH_PATHS = "$(inherited) @executable_path/Frameworks @loader_path/Frameworks";
				PRODUCT_NAME = "$(TARGET_NAME)";
				TEST_HOST = "$(BUILT_PRODUCTS_DIR)/CartLogic.app/CartLogic";
			};
			name = Debug;
		};
		169D945119E8C51400783651 /* Release */ = {
			isa = XCBuildConfiguration;
			buildSettings = {
				BUNDLE_LOADER = "$(TEST_HOST)";
				FRAMEWORK_SEARCH_PATHS = (
					"$(SDKROOT)/Developer/Library/Frameworks",
					"$(inherited)",
				);
				INFOPLIST_FILE = CartLogicTests/Info.plist;
				LD_RUNPATH_SEARCH_PATHS = "$(inherited) @executable_path/Frameworks @loader_path/Frameworks";
				PRODUCT_NAME = "$(TARGET_NAME)";
				TEST_HOST = "$(BUILT_PRODUCTS_DIR)/CartLogic.app/CartLogic";
			};
			name = Release;
		};
/* End XCBuildConfiguration section */

/* Begin XCConfigurationList section */
		169D942119E8C51400783651 /* Build configuration list for PBXProject "CartLogic" */ = {
			isa = XCConfigurationList;
			buildConfigurations = (
				169D944A19E8C51400783651 /* Debug */,
				169D944B19E8C51400783651 /* Release */,
			);
			defaultConfigurationIsVisible = 0;
			defaultConfigurationName = Release;
		};
		169D944C19E8C51400783651 /* Build configuration list for PBXNativeTarget "CartLogic" */ = {
			isa = XCConfigurationList;
			buildConfigurations = (
				169D944D19E8C51400783651 /* Debug */,
				169D944E19E8C51400783651 /* Release */,
			);
			defaultConfigurationIsVisible = 0;
			defaultConfigurationName = Release;
		};
		169D944F19E8C51400783651 /* Build configuration list for PBXNativeTarget "CartLogicTests" */ = {
			isa = XCConfigurationList;
			buildConfigurations = (
				169D945019E8C51400783651 /* Debug */,
				169D945119E8C51400783651 /* Release */,
			);
			defaultConfigurationIsVisible = 0;
			defaultConfigurationName = Release;
		};
/* End XCConfigurationList section */
	};
	rootObject = 169D941E19E8C51400783651 /* Project object */;
}
